Microsoft Visual Studio Solution File, Format Version 12.00
# Visual Studio Version 17
VisualStudioVersion = 17.5.2.0
MinimumVisualStudioVersion = 10.0.40219.1
Project("{FAE04EC0-301F-11D3-BF4B-00C04F79EFBC}") = "Eka Takasin", "Eka Takasin.csproj", "{1847B935-AD9A-9F49-28BB-DD442DA4BADB}"
EndProject
Global
	GlobalSection(SolutionConfigurationPlatforms) = preSolution
		Debug|Any CPU = Debug|Any CPU
		Release|Any CPU = Release|Any CPU
	EndGlobalSection
	GlobalSection(ProjectConfigurationPlatforms) = postSolution
		{1847B935-AD9A-9F49-28BB-DD442DA4BADB}.Debug|Any CPU.ActiveCfg = Debug|Any CPU
		{1847B935-AD9A-9F49-28BB-DD442DA4BADB}.Debug|Any CPU.Build.0 = Debug|Any CPU
		{1847B935-AD9A-9F49-28BB-DD442DA4BADB}.Release|Any CPU.ActiveCfg = Release|Any CPU
		{1847B935-AD9A-9F49-28BB-DD442DA4BADB}.Release|Any CPU.Build.0 = Release|Any CPU
	EndGlobalSection
	GlobalSection(SolutionProperties) = preSolution
		HideSolutionNode = FALSE
	EndGlobalSection
	GlobalSection(ExtensibilityGlobals) = postSolution
		SolutionGuid = {B09F8B0C-A65D-43D7-ACF4-3C45F2576F26}
	EndGlobalSection
EndGlobal
